// !$*UTF8*$!
{
	archiveVersion = 1;
	classes = {
	};
	objectVersion = 46;
	objects = {

/* Begin PBXBuildFile section */
		578A24F115F561EB006A9A26 /* UIKit.framework in Frameworks */ = {isa = PBXBuildFile; fileRef = 578A24F015F561EB006A9A26 /* UIKit.framework */; };
		578A24F315F561EB006A9A26 /* Foundation.framework in Frameworks */ = {isa = PBXBuildFile; fileRef = 578A24F215F561EB006A9A26 /* Foundation.framework */; };
		578A24F515F561EB006A9A26 /* CoreGraphics.framework in Frameworks */ = {isa = PBXBuildFile; fileRef = 578A24F415F561EB006A9A26 /* CoreGraphics.framework */; };
		578A24FB15F561EB006A9A26 /* InfoPlist.strings in Resources */ = {isa = PBXBuildFile; fileRef = 578A24F915F561EB006A9A26 /* InfoPlist.strings */; };
		578A24FD15F561EB006A9A26 /* main.m in Sources */ = {isa = PBXBuildFile; fileRef = 578A24FC15F561EB006A9A26 /* main.m */; };
		578A250115F561EB006A9A26 /* CalculatorAppDelegate.m in Sources */ = {isa = PBXBuildFile; fileRef = 578A250015F561EB006A9A26 /* CalculatorAppDelegate.m */; };
		578A250415F561EB006A9A26 /* MainStoryboard.storyboard in Resources */ = {isa = PBXBuildFile; fileRef = 578A250215F561EB006A9A26 /* MainStoryboard.storyboard */; };
		578A250715F561EC006A9A26 /* CalculatorViewController.m in Sources */ = {isa = PBXBuildFile; fileRef = 578A250615F561EC006A9A26 /* CalculatorViewController.m */; };
		578A250F15F561EC006A9A26 /* SenTestingKit.framework in Frameworks */ = {isa = PBXBuildFile; fileRef = 578A250E15F561EC006A9A26 /* SenTestingKit.framework */; };
		578A251015F561EC006A9A26 /* UIKit.framework in Frameworks */ = {isa = PBXBuildFile; fileRef = 578A24F015F561EB006A9A26 /* UIKit.framework */; };
		578A251115F561EC006A9A26 /* Foundation.framework in Frameworks */ = {isa = PBXBuildFile; fileRef = 578A24F215F561EB006A9A26 /* Foundation.framework */; };
		578A251915F561EC006A9A26 /* InfoPlist.strings in Resources */ = {isa = PBXBuildFile; fileRef = 578A251715F561EC006A9A26 /* InfoPlist.strings */; };
		578A251C15F561EC006A9A26 /* CalculatorTests.m in Sources */ = {isa = PBXBuildFile; fileRef = 578A251B15F561EC006A9A26 /* CalculatorTests.m */; };
		578A252715F5B50B006A9A26 /* CalculatorBrain.m in Sources */ = {isa = PBXBuildFile; fileRef = 578A252615F5B50B006A9A26 /* CalculatorBrain.m */; };
/* End PBXBuildFile section */

/* Begin PBXContainerItemProxy section */
		578A251215F561EC006A9A26 /* PBXContainerItemProxy */ = {
			isa = PBXContainerItemProxy;
			containerPortal = 578A24E315F561EB006A9A26 /* Project object */;
			proxyType = 1;
			remoteGlobalIDString = 578A24EB15F561EB006A9A26;
			remoteInfo = Calculator;
		};
/* End PBXContainerItemProxy section */

/* Begin PBXFileReference section */
		578A24EC15F561EB006A9A26 /* Calculator.app */ = {isa = PBXFileReference; explicitFileType = wrapper.application; includeInIndex = 0; path = Calculator.app; sourceTree = BUILT_PRODUCTS_DIR; };
		578A24F015F561EB006A9A26 /* UIKit.framework */ = {isa = PBXFileReference; lastKnownFileType = wrapper.framework; name = UIKit.framework; path = System/Library/Frameworks/UIKit.framework; sourceTree = SDKROOT; };
		578A24F215F561EB006A9A26 /* Foundation.framework */ = {isa = PBXFileReference; lastKnownFileType = wrapper.framework; name = Foundation.framework; path = System/Library/Frameworks/Foundation.framework; sourceTree = SDKROOT; };
		578A24F415F561EB006A9A26 /* CoreGraphics.framework */ = {isa = PBXFileReference; lastKnownFileType = wrapper.framework; name = CoreGraphics.framework; path = System/Library/Frameworks/CoreGraphics.framework; sourceTree = SDKROOT; };
		578A24F815F561EB006A9A26 /* Calculator-Info.plist */ = {isa = PBXFileReference; lastKnownFileType = text.plist.xml; path = "Calculator-Info.plist"; sourceTree = "<group>"; };
		578A24FA15F561EB006A9A26 /* en */ = {isa = PBXFileReference; lastKnownFileType = text.plist.strings; name = en; path = en.lproj/InfoPlist.strings; sourceTree = "<group>"; };
		578A24FC15F561EB006A9A26 /* main.m */ = {isa = PBXFileReference; lastKnownFileType = sourcecode.c.objc; path = main.m; sourceTree = "<group>"; };
		578A24FE15F561EB006A9A26 /* Calculator-Prefix.pch */ = {isa = PBXFileReference; lastKnownFileType = sourcecode.c.h; path = "Calculator-Prefix.pch"; sourceTree = "<group>"; };
		578A24FF15F561EB006A9A26 /* CalculatorAppDelegate.h */ = {isa = PBXFileReference; lastKnownFileType = sourcecode.c.h; path = CalculatorAppDelegate.h; sourceTree = "<group>"; };
		578A250015F561EB006A9A26 /* CalculatorAppDelegate.m */ = {isa = PBXFileReference; lastKnownFileType = sourcecode.c.objc; path = CalculatorAppDelegate.m; sourceTree = "<group>"; };
		578A250315F561EB006A9A26 /* en */ = {isa = PBXFileReference; lastKnownFileType = file.storyboard; name = en; path = en.lproj/MainStoryboard.storyboard; sourceTree = "<group>"; };
		578A250515F561EC006A9A26 /* CalculatorViewController.h */ = {isa = PBXFileReference; lastKnownFileType = sourcecode.c.h; path = CalculatorViewController.h; sourceTree = "<group>"; };
		578A250615F561EC006A9A26 /* CalculatorViewController.m */ = {isa = PBXFileReference; lastKnownFileType = sourcecode.c.objc; path = CalculatorViewController.m; sourceTree = "<group>"; };
		578A250D15F561EC006A9A26 /* CalculatorTests.octest */ = {isa = PBXFileReference; explicitFileType = wrapper.cfbundle; includeInIndex = 0; path = CalculatorTests.octest; sourceTree = BUILT_PRODUCTS_DIR; };
		578A250E15F561EC006A9A26 /* SenTestingKit.framework */ = {isa = PBXFileReference; lastKnownFileType = wrapper.framework; name = SenTestingKit.framework; path = Library/Frameworks/SenTestingKit.framework; sourceTree = DEVELOPER_DIR; };
		578A251615F561EC006A9A26 /* CalculatorTests-Info.plist */ = {isa = PBXFileReference; lastKnownFileType = text.plist.xml; path = "CalculatorTests-Info.plist"; sourceTree = "<group>"; };
		578A251815F561EC006A9A26 /* en */ = {isa = PBXFileReference; lastKnownFileType = text.plist.strings; name = en; path = en.lproj/InfoPlist.strings; sourceTree = "<group>"; };
		578A251A15F561EC006A9A26 /* CalculatorTests.h */ = {isa = PBXFileReference; lastKnownFileType = sourcecode.c.h; path = CalculatorTests.h; sourceTree = "<group>"; };
		578A251B15F561EC006A9A26 /* CalculatorTests.m */ = {isa = PBXFileReference; lastKnownFileType = sourcecode.c.objc; path = CalculatorTests.m; sourceTree = "<group>"; };
		578A252515F5B50B006A9A26 /* CalculatorBrain.h */ = {isa = PBXFileReference; fileEncoding = 4; lastKnownFileType = sourcecode.c.h; path = CalculatorBrain.h; sourceTree = "<group>"; };
		578A252615F5B50B006A9A26 /* CalculatorBrain.m */ = {isa = PBXFileReference; fileEncoding = 4; lastKnownFileType = sourcecode.c.objc; path = CalculatorBrain.m; sourceTree = "<group>"; };
/* End PBXFileReference section */

/* Begin PBXFrameworksBuildPhase section */
		578A24E915F561EB006A9A26 /* Frameworks */ = {
			isa = PBXFrameworksBuildPhase;
			buildActionMask = 2147483647;
			files = (
				578A24F115F561EB006A9A26 /* UIKit.framework in Frameworks */,
				578A24F315F561EB006A9A26 /* Foundation.framework in Frameworks */,
				578A24F515F561EB006A9A26 /* CoreGraphics.framework in Frameworks */,
			);
			runOnlyForDeploymentPostprocessing = 0;
		};
		578A250915F561EC006A9A26 /* Frameworks */ = {
			isa = PBXFrameworksBuildPhase;
			buildActionMask = 2147483647;
			files = (
				578A250F15F561EC006A9A26 /* SenTestingKit.framework in Frameworks */,
				578A251015F561EC006A9A26 /* UIKit.framework in Frameworks */,
				578A251115F561EC006A9A26 /* Foundation.framework in Frameworks */,
			);
			runOnlyForDeploymentPostprocessing = 0;
		};
/* End PBXFrameworksBuildPhase section */

/* Begin PBXGroup section */
		578A24E115F561EB006A9A26 = {
			isa = PBXGroup;
			children = (
				578A24F615F561EB006A9A26 /* Calculator */,
				578A251415F561EC006A9A26 /* CalculatorTests */,
				578A24EF15F561EB006A9A26 /* Frameworks */,
				578A24ED15F561EB006A9A26 /* Products */,
			);
			sourceTree = "<group>";
		};
		578A24ED15F561EB006A9A26 /* Products */ = {
			isa = PBXGroup;
			children = (
				578A24EC15F561EB006A9A26 /* Calculator.app */,
				578A250D15F561EC006A9A26 /* CalculatorTests.octest */,
			);
			name = Products;
			sourceTree = "<group>";
		};
		578A24EF15F561EB006A9A26 /* Frameworks */ = {
			isa = PBXGroup;
			children = (
				578A24F015F561EB006A9A26 /* UIKit.framework */,
				578A24F215F561EB006A9A26 /* Foundation.framework */,
				578A24F415F561EB006A9A26 /* CoreGraphics.framework */,
				578A250E15F561EC006A9A26 /* SenTestingKit.framework */,
			);
			name = Frameworks;
			sourceTree = "<group>";
		};
		578A24F615F561EB006A9A26 /* Calculator */ = {
			isa = PBXGroup;
			children = (
				578A24FF15F561EB006A9A26 /* CalculatorAppDelegate.h */,
				578A250015F561EB006A9A26 /* CalculatorAppDelegate.m */,
				578A250215F561EB006A9A26 /* MainStoryboard.storyboard */,
				578A252515F5B50B006A9A26 /* CalculatorBrain.h */,
				578A252615F5B50B006A9A26 /* CalculatorBrain.m */,
				578A250515F561EC006A9A26 /* CalculatorViewController.h */,
				578A250615F561EC006A9A26 /* CalculatorViewController.m */,
				578A24F715F561EB006A9A26 /* Supporting Files */,
			);
			path = Calculator;
			sourceTree = "<group>";
		};
		578A24F715F561EB006A9A26 /* Supporting Files */ = {
			isa = PBXGroup;
			children = (
				578A24F815F561EB006A9A26 /* Calculator-Info.plist */,
				578A24F915F561EB006A9A26 /* InfoPlist.strings */,
				578A24FC15F561EB006A9A26 /* main.m */,
				578A24FE15F561EB006A9A26 /* Calculator-Prefix.pch */,
			);
			name = "Supporting Files";
			sourceTree = "<group>";
		};
		578A251415F561EC006A9A26 /* CalculatorTests */ = {
			isa = PBXGroup;
			children = (
				578A251A15F561EC006A9A26 /* CalculatorTests.h */,
				578A251B15F561EC006A9A26 /* CalculatorTests.m */,
				578A251515F561EC006A9A26 /* Supporting Files */,
			);
			path = CalculatorTests;
			sourceTree = "<group>";
		};
		578A251515F561EC006A9A26 /* Supporting Files */ = {
			isa = PBXGroup;
			children = (
				578A251615F561EC006A9A26 /* CalculatorTests-Info.plist */,
				578A251715F561EC006A9A26 /* InfoPlist.strings */,
			);
			name = "Supporting Files";
			sourceTree = "<group>";
		};
/* End PBXGroup section */

/* Begin PBXNativeTarget section */
		578A24EB15F561EB006A9A26 /* Calculator */ = {
			isa = PBXNativeTarget;
			buildConfigurationList = 578A251F15F561EC006A9A26 /* Build configuration list for PBXNativeTarget "Calculator" */;
			buildPhases = (
				578A24E815F561EB006A9A26 /* Sources */,
				578A24E915F561EB006A9A26 /* Frameworks */,
				578A24EA15F561EB006A9A26 /* Resources */,
			);
			buildRules = (
			);
			dependencies = (
			);
			name = Calculator;
			productName = Calculator;
			productReference = 578A24EC15F561EB006A9A26 /* Calculator.app */;
			productType = "com.apple.product-type.application";
		};
		578A250C15F561EC006A9A26 /* CalculatorTests */ = {
			isa = PBXNativeTarget;
			buildConfigurationList = 578A252215F561EC006A9A26 /* Build configuration list for PBXNativeTarget "CalculatorTests" */;
			buildPhases = (
				578A250815F561EC006A9A26 /* Sources */,
				578A250915F561EC006A9A26 /* Frameworks */,
				578A250A15F561EC006A9A26 /* Resources */,
				578A250B15F561EC006A9A26 /* ShellScript */,
			);
			buildRules = (
			);
			dependencies = (
				578A251315F561EC006A9A26 /* PBXTargetDependency */,
			);
			name = CalculatorTests;
			productName = CalculatorTests;
			productReference = 578A250D15F561EC006A9A26 /* CalculatorTests.octest */;
			productType = "com.apple.product-type.bundle";
		};
/* End PBXNativeTarget section */

/* Begin PBXProject section */
		578A24E315F561EB006A9A26 /* Project object */ = {
			isa = PBXProject;
			attributes = {
				LastUpgradeCheck = 0420;
				ORGANIZATIONNAME = Rally;
			};
			buildConfigurationList = 578A24E615F561EB006A9A26 /* Build configuration list for PBXProject "Calculator" */;
			compatibilityVersion = "Xcode 3.2";
			developmentRegion = English;
			hasScannedForEncodings = 0;
			knownRegions = (
				en,
			);
			mainGroup = 578A24E115F561EB006A9A26;
			productRefGroup = 578A24ED15F561EB006A9A26 /* Products */;
			projectDirPath = "";
			projectRoot = "";
			targets = (
				578A24EB15F561EB006A9A26 /* Calculator */,
				578A250C15F561EC006A9A26 /* CalculatorTests */,
			);
		};
/* End PBXProject section */

/* Begin PBXResourcesBuildPhase section */
		578A24EA15F561EB006A9A26 /* Resources */ = {
			isa = PBXResourcesBuildPhase;
			buildActionMask = 2147483647;
			files = (
				578A24FB15F561EB006A9A26 /* InfoPlist.strings in Resources */,
				578A250415F561EB006A9A26 /* MainStoryboard.storyboard in Resources */,
			);
			runOnlyForDeploymentPostprocessing = 0;
		};
		578A250A15F561EC006A9A26 /* Resources */ = {
			isa = PBXResourcesBuildPhase;
			buildActionMask = 2147483647;
			files = (
				578A251915F561EC006A9A26 /* InfoPlist.strings in Resources */,
			);
			runOnlyForDeploymentPostprocessing = 0;
		};
/* End PBXResourcesBuildPhase section */

/* Begin PBXShellScriptBuildPhase section */
		578A250B15F561EC006A9A26 /* ShellScript */ = {
			isa = PBXShellScriptBuildPhase;
			buildActionMask = 2147483647;
			files = (
			);
			inputPaths = (
			);
			outputPaths = (
			);
			runOnlyForDeploymentPostprocessing = 0;
			shellPath = /bin/sh;
			shellScript = "# Run the unit tests in this test bundle.\n\"${SYSTEM_DEVELOPER_DIR}/Tools/RunUnitTests\"\n";
		};
/* End PBXShellScriptBuildPhase section */

/* Begin PBXSourcesBuildPhase section */
		578A24E815F561EB006A9A26 /* Sources */ = {
			isa = PBXSourcesBuildPhase;
			buildActionMask = 2147483647;
			files = (
				578A24FD15F561EB006A9A26 /* main.m in Sources */,
				578A250115F561EB006A9A26 /* CalculatorAppDelegate.m in Sources */,
				578A250715F561EC006A9A26 /* CalculatorViewController.m in Sources */,
				578A252715F5B50B006A9A26 /* CalculatorBrain.m in Sources */,
			);
			runOnlyForDeploymentPostprocessing = 0;
		};
		578A250815F561EC006A9A26 /* Sources */ = {
			isa = PBXSourcesBuildPhase;
			buildActionMask = 2147483647;
			files = (
				578A251C15F561EC006A9A26 /* CalculatorTests.m in Sources */,
			);
			runOnlyForDeploymentPostprocessing = 0;
		};
/* End PBXSourcesBuildPhase section */

/* Begin PBXTargetDependency section */
		578A251315F561EC006A9A26 /* PBXTargetDependency */ = {
			isa = PBXTargetDependency;
			target = 578A24EB15F561EB006A9A26 /* Calculator */;
			targetProxy = 578A251215F561EC006A9A26 /* PBXContainerItemProxy */;
		};
/* End PBXTargetDependency section */

/* Begin PBXVariantGroup section */
		578A24F915F561EB006A9A26 /* InfoPlist.strings */ = {
			isa = PBXVariantGroup;
			children = (
				578A24FA15F561EB006A9A26 /* en */,
			);
			name = InfoPlist.strings;
			sourceTree = "<group>";
		};
		578A250215F561EB006A9A26 /* MainStoryboard.storyboard */ = {
			isa = PBXVariantGroup;
			children = (
				578A250315F561EB006A9A26 /* en */,
			);
			name = MainStoryboard.storyboard;
			sourceTree = "<group>";
		};
		578A251715F561EC006A9A26 /* InfoPlist.strings */ = {
			isa = PBXVariantGroup;
			children = (
				578A251815F561EC006A9A26 /* en */,
			);
			name = InfoPlist.strings;
			sourceTree = "<group>";
		};
/* End PBXVariantGroup section */

/* Begin XCBuildConfiguration section */
		578A251D15F561EC006A9A26 /* Debug */ = {
			isa = XCBuildConfiguration;
			buildSettings = {
				ALWAYS_SEARCH_USER_PATHS = NO;
				ARCHS = "$(ARCHS_STANDARD_32_BIT)";
				CLANG_ENABLE_OBJC_ARC = YES;
				"CODE_SIGN_IDENTITY[sdk=iphoneos*]" = "iPhone Developer";
				COPY_PHASE_STRIP = NO;
				GCC_C_LANGUAGE_STANDARD = gnu99;
				GCC_DYNAMIC_NO_PIC = NO;
				GCC_OPTIMIZATION_LEVEL = 0;
				GCC_PREPROCESSOR_DEFINITIONS = (
					"DEBUG=1",
					"$(inherited)",
				);
				GCC_SYMBOLS_PRIVATE_EXTERN = NO;
				GCC_VERSION = com.apple.compilers.llvm.clang.1_0;
				GCC_WARN_ABOUT_MISSING_PROTOTYPES = YES;
				GCC_WARN_ABOUT_RETURN_TYPE = YES;
				GCC_WARN_UNUSED_VARIABLE = YES;
				IPHONEOS_DEPLOYMENT_TARGET = 5.0;
				SDKROOT = iphoneos;
			};
			name = Debug;
		};
		578A251E15F561EC006A9A26 /* Release */ = {
			isa = XCBuildConfiguration;
			buildSettings = {
				ALWAYS_SEARCH_USER_PATHS = NO;
				ARCHS = "$(ARCHS_STANDARD_32_BIT)";
				CLANG_ENABLE_OBJC_ARC = YES;
				"CODE_SIGN_IDENTITY[sdk=iphoneos*]" = "iPhone Developer";
				COPY_PHASE_STRIP = YES;
				GCC_C_LANGUAGE_STANDARD = gnu99;
				GCC_VERSION = com.apple.compilers.llvm.clang.1_0;
				GCC_WARN_ABOUT_MISSING_PROTOTYPES = YES;
				GCC_WARN_ABOUT_RETURN_TYPE = YES;
				GCC_WARN_UNUSED_VARIABLE = YES;
				IPHONEOS_DEPLOYMENT_TARGET = 5.0;
				OTHER_CFLAGS = "-DNS_BLOCK_ASSERTIONS=1";
				SDKROOT = iphoneos;
				VALIDATE_PRODUCT = YES;
			};
			name = Release;
		};
		578A252015F561EC006A9A26 /* Debug */ = {
			isa = XCBuildConfiguration;
			buildSettings = {
				GCC_PRECOMPILE_PREFIX_HEADER = YES;
				GCC_PREFIX_HEADER = "Calculator/Calculator-Prefix.pch";
				INFOPLIST_FILE = "Calculator/Calculator-Info.plist";
				PRODUCT_NAME = "$(TARGET_NAME)";
				WRAPPER_EXTENSION = app;
			};
			name = Debug;
		};
		578A252115F561EC006A9A26 /* Release */ = {
			isa = XCBuildConfiguration;
			buildSettings = {
				GCC_PRECOMPILE_PREFIX_HEADER = YES;
				GCC_PREFIX_HEADER = "Calculator/Calculator-Prefix.pch";
				INFOPLIST_FILE = "Calculator/Calculator-Info.plist";
				PRODUCT_NAME = "$(TARGET_NAME)";
				WRAPPER_EXTENSION = app;
			};
			name = Release;
		};
		578A252315F561EC006A9A26 /* Debug */ = {
			isa = XCBuildConfiguration;
			buildSettings = {
				BUNDLE_LOADER = "$(BUILT_PRODUCTS_DIR)/Calculator.app/Calculator";
				FRAMEWORK_SEARCH_PATHS = (
					"$(SDKROOT)/Developer/Library/Frameworks",
					"$(DEVELOPER_LIBRARY_DIR)/Frameworks",
				);
				GCC_PRECOMPILE_PREFIX_HEADER = YES;
				GCC_PREFIX_HEADER = "Calculator/Calculator-Prefix.pch";
				INFOPLIST_FILE = "CalculatorTests/CalculatorTests-Info.plist";
				PRODUCT_NAME = "$(TARGET_NAME)";
				TEST_HOST = "$(BUNDLE_LOADER)";
				WRAPPER_EXTENSION = octest;
			};
			name = Debug;
		};
		578A252415F561EC006A9A26 /* Release */ = {
			isa = XCBuildConfiguration;
			buildSettings = {
				BUNDLE_LOADER = "$(BUILT_PRODUCTS_DIR)/Calculator.app/Calculator";
				FRAMEWORK_SEARCH_PATHS = (
					"$(SDKROOT)/Developer/Library/Frameworks",
					"$(DEVELOPER_LIBRARY_DIR)/Frameworks",
				);
				GCC_PRECOMPILE_PREFIX_HEADER = YES;
				GCC_PREFIX_HEADER = "Calculator/Calculator-Prefix.pch";
				INFOPLIST_FILE = "CalculatorTests/CalculatorTests-Info.plist";
				PRODUCT_NAME = "$(TARGET_NAME)";
				TEST_HOST = "$(BUNDLE_LOADER)";
				WRAPPER_EXTENSION = octest;
			};
			name = Release;
		};
/* End XCBuildConfiguration section */

/* Begin XCConfigurationList section */
		578A24E615F561EB006A9A26 /* Build configuration list for PBXProject "Calculator" */ = {
			isa = XCConfigurationList;
			buildConfigurations = (
				578A251D15F561EC006A9A26 /* Debug */,
				578A251E15F561EC006A9A26 /* Release */,
			);
			defaultConfigurationIsVisible = 0;
			defaultConfigurationName = Release;
		};
		578A251F15F561EC006A9A26 /* Build configuration list for PBXNativeTarget "Calculator" */ = {
			isa = XCConfigurationList;
			buildConfigurations = (
				578A252015F561EC006A9A26 /* Debug */,
				578A252115F561EC006A9A26 /* Release */,
			);
			defaultConfigurationIsVisible = 0;
		};
		578A252215F561EC006A9A26 /* Build configuration list for PBXNativeTarget "CalculatorTests" */ = {
			isa = XCConfigurationList;
			buildConfigurations = (
				578A252315F561EC006A9A26 /* Debug */,
				578A252415F561EC006A9A26 /* Release */,
			);
			defaultConfigurationIsVisible = 0;
		};
/* End XCConfigurationList section */
	};
	rootObject = 578A24E315F561EB006A9A26 /* Project object */;
}
